
Microsoft Visual Studio Solution File, Format Version 12.00
# Visual Studio 2012
Project("{2150E333-8FDC-42A3-9474-1A3956D46DE8}") = "Solution Items", "Solution Items", "{86B22138-A6A1-4B43-9AF9-72ED7F73EEB1}"
	ProjectSection(SolutionItems) = preProject
		01_Matching.fsx = 01_Matching.fsx
		00_Slides.fsx = 00_Slides.fsx
		02_Decomposition.fsx = 02_Decomposition.fsx
		03_ColorSpace_Before.fsx = 03_ColorSpace_Before.fsx
		04_ColorSpace_After.fsx = 04_ColorSpace_After.fsx
		05_GuessingGame_Before.fsx = 05_GuessingGame_Before.fsx
		06_GuessingGame_After.fsx = 06_GuessingGame_After.fsx
		07_Reflection_Before.fsx = 07_Reflection_Before.fsx
		08_Reflection_After.fsx = 08_Reflection_After.fsx
	EndProjectSection
EndProject
Global
	GlobalSection(SolutionConfigurationPlatforms) = preSolution
	EndGlobalSection
	GlobalSection(ProjectConfigurationPlatforms) = postSolution
	EndGlobalSection
	GlobalSection(NestedProjects) = preSolution
	EndGlobalSection
EndGlobal
